# This file is generated by running "yarn install" inside your project.
# Manual changes might be lost - proceed with caution!

__metadata:
  version: 8
  cacheKey: 10c0

"@gar/promisify@npm:^1.1.3":
  version: 1.1.3
  resolution: "@gar/promisify@npm:1.1.3"
  checksum: 10c0/0b3c9958d3cd17f4add3574975e3115ae05dc7f1298a60810414b16f6f558c137b5fb3cd3905df380bacfd955ec13f67c1e6710cbb5c246a7e8d65a8289b2bff
  languageName: node
  linkType: hard

"@npmcli/fs@npm:^2.1.0":
  version: 2.1.2
  resolution: "@npmcli/fs@npm:2.1.2"
  dependencies:
    "@gar/promisify": "npm:^1.1.3"
    semver: "npm:^7.3.5"
  checksum: 10c0/c50d087733d0d8df23be24f700f104b19922a28677aa66fdbe06ff6af6431cc4a5bb1e27683cbc661a5dafa9bafdc603e6a0378121506dfcd394b2b6dd76a187
  languageName: node
  linkType: hard

"@npmcli/move-file@npm:^2.0.0":
  version: 2.0.1
  resolution: "@npmcli/move-file@npm:2.0.1"
  dependencies:
    mkdirp: "npm:^1.0.4"
    rimraf: "npm:^3.0.2"
  checksum: 10c0/11b2151e6d1de6f6eb23128de5aa8a429fd9097d839a5190cb77aa47a6b627022c42d50fa7c47a00f1c9f8f0c1560092b09b061855d293fa0741a2a94cfb174d
  languageName: node
  linkType: hard

"@tootallnate/once@npm:2":
  version: 2.0.0
  resolution: "@tootallnate/once@npm:2.0.0"
  checksum: 10c0/073bfa548026b1ebaf1659eb8961e526be22fa77139b10d60e712f46d2f0f05f4e6c8bec62a087d41088ee9e29faa7f54838568e475ab2f776171003c3920858
  languageName: node
  linkType: hard

"agent-base@npm:6, agent-base@npm:^6.0.2":
  version: 6.0.2
  resolution: "agent-base@npm:6.0.2"
  dependencies:
    debug: "npm:4"
  checksum: 10c0/dc4f757e40b5f3e3d674bc9beb4f1048f4ee83af189bae39be99f57bf1f48dde166a8b0a5342a84b5944ee8e6ed1e5a9d801858f4ad44764e84957122fe46261
  languageName: node
  linkType: hard

"agentkeepalive@npm:^4.2.1":
  version: 4.6.0
  resolution: "agentkeepalive@npm:4.6.0"
  dependencies:
    humanize-ms: "npm:^1.2.1"
  checksum: 10c0/235c182432f75046835b05f239708107138a40103deee23b6a08caee5136873709155753b394ec212e49e60e94a378189562cb01347765515cff61b692c69187
  languageName: node
  linkType: hard

"aggregate-error@npm:^3.0.0":
  version: 3.1.0
  resolution: "aggregate-error@npm:3.1.0"
  dependencies:
    clean-stack: "npm:^2.0.0"
    indent-string: "npm:^4.0.0"
  checksum: 10c0/a42f67faa79e3e6687a4923050e7c9807db3848a037076f791d10e092677d65c1d2d863b7848560699f40fc0502c19f40963fb1cd1fb3d338a7423df8e45e039
  languageName: node
  linkType: hard

"argparse@npm:^2.0.1":
  version: 2.0.1
  resolution: "argparse@npm:2.0.1"
  checksum: 10c0/c5640c2d89045371c7cedd6a70212a04e360fd34d6edeae32f6952c63949e3525ea77dbec0289d8213a99bbaeab5abfa860b5c12cf88a2e6cf8106e90dd27a7e
  languageName: node
  linkType: hard

"balanced-match@npm:^1.0.0":
  version: 1.0.2
  resolution: "balanced-match@npm:1.0.2"
  checksum: 10c0/9308baf0a7e4838a82bbfd11e01b1cb0f0cf2893bc1676c27c2a8c0e70cbae1c59120c3268517a8ae7fb6376b4639ef81ca22582611dbee4ed28df945134aaee
  languageName: node
  linkType: hard

"brace-expansion@npm:^1.1.7":
  version: 1.1.12
  resolution: "brace-expansion@npm:1.1.12"
  dependencies:
    balanced-match: "npm:^1.0.0"
    concat-map: "npm:0.0.1"
  checksum: 10c0/975fecac2bb7758c062c20d0b3b6288c7cc895219ee25f0a64a9de662dbac981ff0b6e89909c3897c1f84fa353113a721923afdec5f8b2350255b097f12b1f73
  languageName: node
  linkType: hard

"brace-expansion@npm:^2.0.1":
  version: 2.0.2
  resolution: "brace-expansion@npm:2.0.2"
  dependencies:
    balanced-match: "npm:^1.0.0"
  checksum: 10c0/6d117a4c793488af86b83172deb6af143e94c17bc53b0b3cec259733923b4ca84679d506ac261f4ba3c7ed37c46018e2ff442f9ce453af8643ecd64f4a54e6cf
  languageName: node
  linkType: hard

"builtins@npm:^5.0.0":
  version: 5.1.0
  resolution: "builtins@npm:5.1.0"
  dependencies:
    semver: "npm:^7.0.0"
  checksum: 10c0/3c32fe5bd7ed4ff7dbd6fb14bcb9d7eaa7e967327f1899cd336f8625d3f46fceead0a53528f1e332aeaee757034ebb307cb2f1a37af2b86a3c5ad4845d01c0c8
  languageName: node
  linkType: hard

"cacache@npm:^16.1.0":
  version: 16.1.3
  resolution: "cacache@npm:16.1.3"
  dependencies:
    "@npmcli/fs": "npm:^2.1.0"
    "@npmcli/move-file": "npm:^2.0.0"
    chownr: "npm:^2.0.0"
    fs-minipass: "npm:^2.1.0"
    glob: "npm:^8.0.1"
    infer-owner: "npm:^1.0.4"
    lru-cache: "npm:^7.7.1"
    minipass: "npm:^3.1.6"
    minipass-collect: "npm:^1.0.2"
    minipass-flush: "npm:^1.0.5"
    minipass-pipeline: "npm:^1.2.4"
    mkdirp: "npm:^1.0.4"
    p-map: "npm:^4.0.0"
    promise-inflight: "npm:^1.0.1"
    rimraf: "npm:^3.0.2"
    ssri: "npm:^9.0.0"
    tar: "npm:^6.1.11"
    unique-filename: "npm:^2.0.0"
  checksum: 10c0/cdf6836e1c457d2a5616abcaf5d8240c0346b1f5bd6fdb8866b9d84b6dff0b54e973226dc11e0d099f35394213d24860d1989c8358d2a41b39eb912b3000e749
  languageName: node
  linkType: hard

"chownr@npm:^2.0.0":
  version: 2.0.0
  resolution: "chownr@npm:2.0.0"
  checksum: 10c0/594754e1303672171cc04e50f6c398ae16128eb134a88f801bf5354fd96f205320f23536a045d9abd8b51024a149696e51231565891d4efdab8846021ecf88e6
  languageName: node
  linkType: hard

"clean-stack@npm:^2.0.0":
  version: 2.2.0
  resolution: "clean-stack@npm:2.2.0"
  checksum: 10c0/1f90262d5f6230a17e27d0c190b09d47ebe7efdd76a03b5a1127863f7b3c9aec4c3e6c8bb3a7bbf81d553d56a1fd35728f5a8ef4c63f867ac8d690109742a8c1
  languageName: node
  linkType: hard

"concat-map@npm:0.0.1":
  version: 0.0.1
  resolution: "concat-map@npm:0.0.1"
  checksum: 10c0/c996b1cfdf95b6c90fee4dae37e332c8b6eb7d106430c17d538034c0ad9a1630cb194d2ab37293b1bdd4d779494beee7786d586a50bd9376fd6f7bcc2bd4c98f
  languageName: node
  linkType: hard

"debug@npm:4, debug@npm:^4.3.3":
  version: 4.4.1
  resolution: "debug@npm:4.4.1"
  dependencies:
    ms: "npm:^2.1.3"
  peerDependenciesMeta:
    supports-color:
      optional: true
  checksum: 10c0/d2b44bc1afd912b49bb7ebb0d50a860dc93a4dd7d946e8de94abc957bb63726b7dd5aa48c18c2386c379ec024c46692e15ed3ed97d481729f929201e671fcd55
  languageName: node
  linkType: hard

"encoding@npm:^0.1.13":
  version: 0.1.13
  resolution: "encoding@npm:0.1.13"
  dependencies:
    iconv-lite: "npm:^0.6.2"
  checksum: 10c0/36d938712ff00fe1f4bac88b43bcffb5930c1efa57bbcdca9d67e1d9d6c57cfb1200fb01efe0f3109b2ce99b231f90779532814a81370a1bd3274a0f58585039
  languageName: node
  linkType: hard

"err-code@npm:^2.0.2":
  version: 2.0.3
  resolution: "err-code@npm:2.0.3"
  checksum: 10c0/b642f7b4dd4a376e954947550a3065a9ece6733ab8e51ad80db727aaae0817c2e99b02a97a3d6cecc648a97848305e728289cf312d09af395403a90c9d4d8a66
  languageName: node
  linkType: hard

"fs-minipass@npm:^2.0.0, fs-minipass@npm:^2.1.0":
  version: 2.1.0
  resolution: "fs-minipass@npm:2.1.0"
  dependencies:
    minipass: "npm:^3.0.0"
  checksum: 10c0/703d16522b8282d7299337539c3ed6edddd1afe82435e4f5b76e34a79cd74e488a8a0e26a636afc2440e1a23b03878e2122e3a2cfe375a5cf63c37d92b86a004
  languageName: node
  linkType: hard

"fs.realpath@npm:^1.0.0":
  version: 1.0.0
  resolution: "fs.realpath@npm:1.0.0"
  checksum: 10c0/444cf1291d997165dfd4c0d58b69f0e4782bfd9149fd72faa4fe299e68e0e93d6db941660b37dd29153bf7186672ececa3b50b7e7249477b03fdf850f287c948
  languageName: node
  linkType: hard

"glob@npm:^7.1.3":
  version: 7.2.3
  resolution: "glob@npm:7.2.3"
  dependencies:
    fs.realpath: "npm:^1.0.0"
    inflight: "npm:^1.0.4"
    inherits: "npm:2"
    minimatch: "npm:^3.1.1"
    once: "npm:^1.3.0"
    path-is-absolute: "npm:^1.0.0"
  checksum: 10c0/65676153e2b0c9095100fe7f25a778bf45608eeb32c6048cf307f579649bcc30353277b3b898a3792602c65764e5baa4f643714dfbdfd64ea271d210c7a425fe
  languageName: node
  linkType: hard

"glob@npm:^8.0.1":
  version: 8.1.0
  resolution: "glob@npm:8.1.0"
  dependencies:
    fs.realpath: "npm:^1.0.0"
    inflight: "npm:^1.0.4"
    inherits: "npm:2"
    minimatch: "npm:^5.0.1"
    once: "npm:^1.3.0"
  checksum: 10c0/cb0b5cab17a59c57299376abe5646c7070f8acb89df5595b492dba3bfb43d301a46c01e5695f01154e6553168207cb60d4eaf07d3be4bc3eb9b0457c5c561d0f
  languageName: node
  linkType: hard

"hosted-git-info@npm:^5.0.0":
  version: 5.2.1
  resolution: "hosted-git-info@npm:5.2.1"
  dependencies:
    lru-cache: "npm:^7.5.1"
  checksum: 10c0/c6682c2e91d774d79893e2c862d7173450455747fd57f0659337c78d37ddb56c23cb7541b296cbef4a3b47c3be307d8d57f24a6e9aa149cad243c7f126cd42ff
  languageName: node
  linkType: hard

"http-cache-semantics@npm:^4.1.0":
  version: 4.2.0
  resolution: "http-cache-semantics@npm:4.2.0"
  checksum: 10c0/45b66a945cf13ec2d1f29432277201313babf4a01d9e52f44b31ca923434083afeca03f18417f599c9ab3d0e7b618ceb21257542338b57c54b710463b4a53e37
  languageName: node
  linkType: hard

"http-proxy-agent@npm:^5.0.0":
  version: 5.0.0
  resolution: "http-proxy-agent@npm:5.0.0"
  dependencies:
    "@tootallnate/once": "npm:2"
    agent-base: "npm:6"
    debug: "npm:4"
  checksum: 10c0/32a05e413430b2c1e542e5c74b38a9f14865301dd69dff2e53ddb684989440e3d2ce0c4b64d25eb63cf6283e6265ff979a61cf93e3ca3d23047ddfdc8df34a32
  languageName: node
  linkType: hard

"https-proxy-agent@npm:^5.0.0":
  version: 5.0.1
  resolution: "https-proxy-agent@npm:5.0.1"
  dependencies:
    agent-base: "npm:6"
    debug: "npm:4"
  checksum: 10c0/6dd639f03434003577c62b27cafdb864784ef19b2de430d8ae2a1d45e31c4fd60719e5637b44db1a88a046934307da7089e03d6089ec3ddacc1189d8de8897d1
  languageName: node
  linkType: hard

"humanize-ms@npm:^1.2.1":
  version: 1.2.1
  resolution: "humanize-ms@npm:1.2.1"
  dependencies:
    ms: "npm:^2.0.0"
  checksum: 10c0/f34a2c20161d02303c2807badec2f3b49cbfbbb409abd4f95a07377ae01cfe6b59e3d15ac609cffcd8f2521f0eb37b7e1091acf65da99aa2a4f1ad63c21e7e7a
  languageName: node
  linkType: hard

"iconv-lite@npm:^0.6.2":
  version: 0.6.3
  resolution: "iconv-lite@npm:0.6.3"
  dependencies:
    safer-buffer: "npm:>= 2.1.2 < 3.0.0"
  checksum: 10c0/98102bc66b33fcf5ac044099d1257ba0b7ad5e3ccd3221f34dd508ab4070edff183276221684e1e0555b145fce0850c9f7d2b60a9fcac50fbb4ea0d6e845a3b1
  languageName: node
  linkType: hard

"imurmurhash@npm:^0.1.4":
  version: 0.1.4
  resolution: "imurmurhash@npm:0.1.4"
  checksum: 10c0/8b51313850dd33605c6c9d3fd9638b714f4c4c40250cff658209f30d40da60f78992fb2df5dabee4acf589a6a82bbc79ad5486550754bd9ec4e3fc0d4a57d6a6
  languageName: node
  linkType: hard

"indent-string@npm:^4.0.0":
  version: 4.0.0
  resolution: "indent-string@npm:4.0.0"
  checksum: 10c0/1e1904ddb0cb3d6cce7cd09e27a90184908b7a5d5c21b92e232c93579d314f0b83c246ffb035493d0504b1e9147ba2c9b21df0030f48673fba0496ecd698161f
  languageName: node
  linkType: hard

"infer-owner@npm:^1.0.4":
  version: 1.0.4
  resolution: "infer-owner@npm:1.0.4"
  checksum: 10c0/a7b241e3149c26e37474e3435779487f42f36883711f198c45794703c7556bc38af224088bd4d1a221a45b8208ae2c2bcf86200383621434d0c099304481c5b9
  languageName: node
  linkType: hard

"inflight@npm:^1.0.4":
  version: 1.0.6
  resolution: "inflight@npm:1.0.6"
  dependencies:
    once: "npm:^1.3.0"
    wrappy: "npm:1"
  checksum: 10c0/7faca22584600a9dc5b9fca2cd5feb7135ac8c935449837b315676b4c90aa4f391ec4f42240178244b5a34e8bede1948627fda392ca3191522fc46b34e985ab2
  languageName: node
  linkType: hard

"inherits@npm:2":
  version: 2.0.4
  resolution: "inherits@npm:2.0.4"
  checksum: 10c0/4e531f648b29039fb7426fb94075e6545faa1eb9fe83c29f0b6d9e7263aceb4289d2d4557db0d428188eeb449cc7c5e77b0a0b2c4e248ff2a65933a0dee49ef2
  languageName: node
  linkType: hard

"ip-address@npm:^10.0.1":
  version: 10.0.1
  resolution: "ip-address@npm:10.0.1"
  checksum: 10c0/1634d79dae18394004775cb6d699dc46b7c23df6d2083164025a2b15240c1164fccde53d0e08bd5ee4fc53913d033ab6b5e395a809ad4b956a940c446e948843
  languageName: node
  linkType: hard

"is-lambda@npm:^1.0.1":
  version: 1.0.1
  resolution: "is-lambda@npm:1.0.1"
  checksum: 10c0/85fee098ae62ba6f1e24cf22678805473c7afd0fb3978a3aa260e354cb7bcb3a5806cf0a98403188465efedec41ab4348e8e4e79305d409601323855b3839d4d
  languageName: node
  linkType: hard

"js-yaml@npm:^4.1.0":
  version: 4.1.0
  resolution: "js-yaml@npm:4.1.0"
  dependencies:
    argparse: "npm:^2.0.1"
  bin:
    js-yaml: bin/js-yaml.js
  checksum: 10c0/184a24b4eaacfce40ad9074c64fd42ac83cf74d8c8cd137718d456ced75051229e5061b8633c3366b8aada17945a7a356b337828c19da92b51ae62126575018f
  languageName: node
  linkType: hard

"jsonparse@npm:^1.3.1":
  version: 1.3.1
  resolution: "jsonparse@npm:1.3.1"
  checksum: 10c0/89bc68080cd0a0e276d4b5ab1b79cacd68f562467008d176dc23e16e97d4efec9e21741d92ba5087a8433526a45a7e6a9d5ef25408696c402ca1cfbc01a90bf0
  languageName: node
  linkType: hard

"lru-cache@npm:^7.5.1, lru-cache@npm:^7.7.1":
  version: 7.18.3
  resolution: "lru-cache@npm:7.18.3"
  checksum: 10c0/b3a452b491433db885beed95041eb104c157ef7794b9c9b4d647be503be91769d11206bb573849a16b4cc0d03cbd15ffd22df7960997788b74c1d399ac7a4fed
  languageName: node
  linkType: hard

"make-fetch-happen@npm:^10.0.6":
  version: 10.2.1
  resolution: "make-fetch-happen@npm:10.2.1"
  dependencies:
    agentkeepalive: "npm:^4.2.1"
    cacache: "npm:^16.1.0"
    http-cache-semantics: "npm:^4.1.0"
    http-proxy-agent: "npm:^5.0.0"
    https-proxy-agent: "npm:^5.0.0"
    is-lambda: "npm:^1.0.1"
    lru-cache: "npm:^7.7.1"
    minipass: "npm:^3.1.6"
    minipass-collect: "npm:^1.0.2"
    minipass-fetch: "npm:^2.0.3"
    minipass-flush: "npm:^1.0.5"
    minipass-pipeline: "npm:^1.2.4"
    negotiator: "npm:^0.6.3"
    promise-retry: "npm:^2.0.1"
    socks-proxy-agent: "npm:^7.0.0"
    ssri: "npm:^9.0.0"
  checksum: 10c0/28ec392f63ab93511f400839dcee83107eeecfaad737d1e8487ea08b4332cd89a8f3319584222edd9f6f1d0833cf516691469496d46491863f9e88c658013949
  languageName: node
  linkType: hard

"minimatch@npm:^3.1.1":
  version: 3.1.2
  resolution: "minimatch@npm:3.1.2"
  dependencies:
    brace-expansion: "npm:^1.1.7"
  checksum: 10c0/0262810a8fc2e72cca45d6fd86bd349eee435eb95ac6aa45c9ea2180e7ee875ef44c32b55b5973ceabe95ea12682f6e3725cbb63d7a2d1da3ae1163c8b210311
  languageName: node
  linkType: hard

"minimatch@npm:^5.0.1":
  version: 5.1.6
  resolution: "minimatch@npm:5.1.6"
  dependencies:
    brace-expansion: "npm:^2.0.1"
  checksum: 10c0/3defdfd230914f22a8da203747c42ee3c405c39d4d37ffda284dac5e45b7e1f6c49aa8be606509002898e73091ff2a3bbfc59c2c6c71d4660609f63aa92f98e3
  languageName: node
  linkType: hard

"minipass-collect@npm:^1.0.2":
  version: 1.0.2
  resolution: "minipass-collect@npm:1.0.2"
  dependencies:
    minipass: "npm:^3.0.0"
  checksum: 10c0/8f82bd1f3095b24f53a991b04b67f4c710c894e518b813f0864a31de5570441a509be1ca17e0bb92b047591a8fdbeb886f502764fefb00d2f144f4011791e898
  languageName: node
  linkType: hard

"minipass-fetch@npm:^2.0.3":
  version: 2.1.2
  resolution: "minipass-fetch@npm:2.1.2"
  dependencies:
    encoding: "npm:^0.1.13"
    minipass: "npm:^3.1.6"
    minipass-sized: "npm:^1.0.3"
    minizlib: "npm:^2.1.2"
  dependenciesMeta:
    encoding:
      optional: true
  checksum: 10c0/33ab2c5bdb3d91b9cb8bc6ae42d7418f4f00f7f7beae14b3bb21ea18f9224e792f560a6e17b6f1be12bbeb70dbe99a269f4204c60e5d99130a0777b153505c43
  languageName: node
  linkType: hard

"minipass-flush@npm:^1.0.5":
  version: 1.0.5
  resolution: "minipass-flush@npm:1.0.5"
  dependencies:
    minipass: "npm:^3.0.0"
  checksum: 10c0/2a51b63feb799d2bb34669205eee7c0eaf9dce01883261a5b77410c9408aa447e478efd191b4de6fc1101e796ff5892f8443ef20d9544385819093dbb32d36bd
  languageName: node
  linkType: hard

"minipass-json-stream@npm:^1.0.1":
  version: 1.0.2
  resolution: "minipass-json-stream@npm:1.0.2"
  dependencies:
    jsonparse: "npm:^1.3.1"
    minipass: "npm:^3.0.0"
  checksum: 10c0/c2fc0d9719dd445d08de82bb449b51c59c3609a08064dd270da8bc76e4e542f4f354b5b1ef3b6e2f2f5b621b25e21ffbd0f0fa26ba6a80121fc19c3ad0d4db2c
  languageName: node
  linkType: hard

"minipass-pipeline@npm:^1.2.4":
  version: 1.2.4
  resolution: "minipass-pipeline@npm:1.2.4"
  dependencies:
    minipass: "npm:^3.0.0"
  checksum: 10c0/cbda57cea20b140b797505dc2cac71581a70b3247b84480c1fed5ca5ba46c25ecc25f68bfc9e6dcb1a6e9017dab5c7ada5eab73ad4f0a49d84e35093e0c643f2
  languageName: node
  linkType: hard

"minipass-sized@npm:^1.0.3":
  version: 1.0.3
  resolution: "minipass-sized@npm:1.0.3"
  dependencies:
    minipass: "npm:^3.0.0"
  checksum: 10c0/298f124753efdc745cfe0f2bdfdd81ba25b9f4e753ca4a2066eb17c821f25d48acea607dfc997633ee5bf7b6dfffb4eee4f2051eb168663f0b99fad2fa4829cb
  languageName: node
  linkType: hard

"minipass@npm:^3.0.0, minipass@npm:^3.1.1, minipass@npm:^3.1.6":
  version: 3.3.6
  resolution: "minipass@npm:3.3.6"
  dependencies:
    yallist: "npm:^4.0.0"
  checksum: 10c0/a114746943afa1dbbca8249e706d1d38b85ed1298b530f5808ce51f8e9e941962e2a5ad2e00eae7dd21d8a4aae6586a66d4216d1a259385e9d0358f0c1eba16c
  languageName: node
  linkType: hard

"minipass@npm:^5.0.0":
  version: 5.0.0
  resolution: "minipass@npm:5.0.0"
  checksum: 10c0/a91d8043f691796a8ac88df039da19933ef0f633e3d7f0d35dcd5373af49131cf2399bfc355f41515dc495e3990369c3858cd319e5c2722b4753c90bf3152462
  languageName: node
  linkType: hard

"minizlib@npm:^2.1.1, minizlib@npm:^2.1.2":
  version: 2.1.2
  resolution: "minizlib@npm:2.1.2"
  dependencies:
    minipass: "npm:^3.0.0"
    yallist: "npm:^4.0.0"
  checksum: 10c0/64fae024e1a7d0346a1102bb670085b17b7f95bf6cfdf5b128772ec8faf9ea211464ea4add406a3a6384a7d87a0cd1a96263692134323477b4fb43659a6cab78
  languageName: node
  linkType: hard

"mkdirp@npm:^1.0.3, mkdirp@npm:^1.0.4":
  version: 1.0.4
  resolution: "mkdirp@npm:1.0.4"
  bin:
    mkdirp: bin/cmd.js
  checksum: 10c0/46ea0f3ffa8bc6a5bc0c7081ffc3907777f0ed6516888d40a518c5111f8366d97d2678911ad1a6882bf592fa9de6c784fea32e1687bb94e1f4944170af48a5cf
  languageName: node
  linkType: hard

"ms@npm:^2.0.0, ms@npm:^2.1.3":
  version: 2.1.3
  resolution: "ms@npm:2.1.3"
  checksum: 10c0/d924b57e7312b3b63ad21fc5b3dc0af5e78d61a1fc7cfb5457edaf26326bf62be5307cc87ffb6862ef1c2b33b0233cdb5d4f01c4c958cc0d660948b65a287a48
  languageName: node
  linkType: hard

"negotiator@npm:^0.6.3":
  version: 0.6.4
  resolution: "negotiator@npm:0.6.4"
  checksum: 10c0/3e677139c7fb7628a6f36335bf11a885a62c21d5390204590a1a214a5631fcbe5ea74ef6a610b60afe84b4d975cbe0566a23f20ee17c77c73e74b80032108dea
  languageName: node
  linkType: hard

"npm-package-arg@npm:^9.0.1":
  version: 9.1.2
  resolution: "npm-package-arg@npm:9.1.2"
  dependencies:
    hosted-git-info: "npm:^5.0.0"
    proc-log: "npm:^2.0.1"
    semver: "npm:^7.3.5"
    validate-npm-package-name: "npm:^4.0.0"
  checksum: 10c0/e81aa931adfc5f19fb9f10fe9eb120a0203d63b879594b1a473c64257761cdde42e32fb5d9b2e90d6944a3229e8c3ffa62ce8c31a7c9c4971d34f9219fdc0bb5
  languageName: node
  linkType: hard

"npm-registry-fetch@npm:^13.0.1":
  version: 13.3.1
  resolution: "npm-registry-fetch@npm:13.3.1"
  dependencies:
    make-fetch-happen: "npm:^10.0.6"
    minipass: "npm:^3.1.6"
    minipass-fetch: "npm:^2.0.3"
    minipass-json-stream: "npm:^1.0.1"
    minizlib: "npm:^2.1.2"
    npm-package-arg: "npm:^9.0.1"
    proc-log: "npm:^2.0.0"
  checksum: 10c0/86c8cdc2b0d2aa97d06031962f39442b0eacecd9989eebc88451e6b53b3c8572b89fb09cf0042ce6080e7d120353af359a75c5f60b085b5b455337d1e39e57ab
  languageName: node
  linkType: hard

"once@npm:^1.3.0":
  version: 1.4.0
  resolution: "once@npm:1.4.0"
  dependencies:
    wrappy: "npm:1"
  checksum: 10c0/5d48aca287dfefabd756621c5dfce5c91a549a93e9fdb7b8246bc4c4790aa2ec17b34a260530474635147aeb631a2dcc8b32c613df0675f96041cbb8244517d0
  languageName: node
  linkType: hard

"p-map@npm:^4.0.0":
  version: 4.0.0
  resolution: "p-map@npm:4.0.0"
  dependencies:
    aggregate-error: "npm:^3.0.0"
  checksum: 10c0/592c05bd6262c466ce269ff172bb8de7c6975afca9b50c975135b974e9bdaafbfe80e61aaaf5be6d1200ba08b30ead04b88cfa7e25ff1e3b93ab28c9f62a2c75
  languageName: node
  linkType: hard

"path-is-absolute@npm:^1.0.0":
  version: 1.0.1
  resolution: "path-is-absolute@npm:1.0.1"
  checksum: 10c0/127da03c82172a2a50099cddbf02510c1791fc2cc5f7713ddb613a56838db1e8168b121a920079d052e0936c23005562059756d653b7c544c53185efe53be078
  languageName: node
  linkType: hard

"plugin-scraper@workspace:.":
  version: 0.0.0-use.local
  resolution: "plugin-scraper@workspace:."
  dependencies:
    js-yaml: "npm:^4.1.0"
    npm-registry-fetch: "npm:^13.0.1"
  languageName: unknown
  linkType: soft

"proc-log@npm:^2.0.0, proc-log@npm:^2.0.1":
  version: 2.0.1
  resolution: "proc-log@npm:2.0.1"
  checksum: 10c0/701c501429775ce34cec28ef6a1c976537274b42917212fb8a5975ebcecb0a85612907fd7f99ff28ff4c2112bb84a0f4322fc9b9e1e52a8562fcbb1d5b3ce608
  languageName: node
  linkType: hard

"promise-inflight@npm:^1.0.1":
  version: 1.0.1
  resolution: "promise-inflight@npm:1.0.1"
  checksum: 10c0/d179d148d98fbff3d815752fa9a08a87d3190551d1420f17c4467f628214db12235ae068d98cd001f024453676d8985af8f28f002345646c4ece4600a79620bc
  languageName: node
  linkType: hard

"promise-retry@npm:^2.0.1":
  version: 2.0.1
  resolution: "promise-retry@npm:2.0.1"
  dependencies:
    err-code: "npm:^2.0.2"
    retry: "npm:^0.12.0"
  checksum: 10c0/9c7045a1a2928094b5b9b15336dcd2a7b1c052f674550df63cc3f36cd44028e5080448175b6f6ca32b642de81150f5e7b1a98b728f15cb069f2dd60ac2616b96
  languageName: node
  linkType: hard

"retry@npm:^0.12.0":
  version: 0.12.0
  resolution: "retry@npm:0.12.0"
  checksum: 10c0/59933e8501727ba13ad73ef4a04d5280b3717fd650408460c987392efe9d7be2040778ed8ebe933c5cbd63da3dcc37919c141ef8af0a54a6e4fca5a2af177bfe
  languageName: node
  linkType: hard

"rimraf@npm:^3.0.2":
  version: 3.0.2
  resolution: "rimraf@npm:3.0.2"
  dependencies:
    glob: "npm:^7.1.3"
  bin:
    rimraf: bin.js
  checksum: 10c0/9cb7757acb489bd83757ba1a274ab545eafd75598a9d817e0c3f8b164238dd90eba50d6b848bd4dcc5f3040912e882dc7ba71653e35af660d77b25c381d402e8
  languageName: node
  linkType: hard

"safer-buffer@npm:>= 2.1.2 < 3.0.0":
  version: 2.1.2
  resolution: "safer-buffer@npm:2.1.2"
  checksum: 10c0/7e3c8b2e88a1841c9671094bbaeebd94448111dd90a81a1f606f3f67708a6ec57763b3b47f06da09fc6054193e0e6709e77325415dc8422b04497a8070fa02d4
  languageName: node
  linkType: hard

"semver@npm:^7.0.0, semver@npm:^7.3.5":
  version: 7.7.2
  resolution: "semver@npm:7.7.2"
  bin:
    semver: bin/semver.js
  checksum: 10c0/aca305edfbf2383c22571cb7714f48cadc7ac95371b4b52362fb8eeffdfbc0de0669368b82b2b15978f8848f01d7114da65697e56cd8c37b0dab8c58e543f9ea
  languageName: node
  linkType: hard

"smart-buffer@npm:^4.2.0":
  version: 4.2.0
  resolution: "smart-buffer@npm:4.2.0"
  checksum: 10c0/a16775323e1404dd43fabafe7460be13a471e021637bc7889468eb45ce6a6b207261f454e4e530a19500cc962c4cc5348583520843b363f4193cee5c00e1e539
  languageName: node
  linkType: hard

"socks-proxy-agent@npm:^7.0.0":
  version: 7.0.0
  resolution: "socks-proxy-agent@npm:7.0.0"
  dependencies:
    agent-base: "npm:^6.0.2"
    debug: "npm:^4.3.3"
    socks: "npm:^2.6.2"
  checksum: 10c0/b859f7eb8e96ec2c4186beea233ae59c02404094f3eb009946836af27d6e5c1627d1975a69b4d2e20611729ed543b6db3ae8481eb38603433c50d0345c987600
  languageName: node
  linkType: hard

"socks@npm:^2.6.2":
  version: 2.8.7
  resolution: "socks@npm:2.8.7"
  dependencies:
    ip-address: "npm:^10.0.1"
    smart-buffer: "npm:^4.2.0"
  checksum: 10c0/2805a43a1c4bcf9ebf6e018268d87b32b32b06fbbc1f9282573583acc155860dc361500f89c73bfbb157caa1b4ac78059eac0ef15d1811eb0ca75e0bdadbc9d2
  languageName: node
  linkType: hard

"ssri@npm:^9.0.0":
  version: 9.0.1
  resolution: "ssri@npm:9.0.1"
  dependencies:
    minipass: "npm:^3.1.1"
  checksum: 10c0/c5d153ce03b5980d683ecaa4d805f6a03d8dc545736213803e168a1907650c46c08a4e5ce6d670a0205482b35c35713d9d286d9133bdd79853a406e22ad81f04
  languageName: node
  linkType: hard

"tar@npm:^6.1.11":
  version: 6.2.1
  resolution: "tar@npm:6.2.1"
  dependencies:
    chownr: "npm:^2.0.0"
    fs-minipass: "npm:^2.0.0"
    minipass: "npm:^5.0.0"
    minizlib: "npm:^2.1.1"
    mkdirp: "npm:^1.0.3"
    yallist: "npm:^4.0.0"
  checksum: 10c0/a5eca3eb50bc11552d453488344e6507156b9193efd7635e98e867fab275d527af53d8866e2370cd09dfe74378a18111622ace35af6a608e5223a7d27fe99537
  languageName: node
  linkType: hard

"unique-filename@npm:^2.0.0":
  version: 2.0.1
  resolution: "unique-filename@npm:2.0.1"
  dependencies:
    unique-slug: "npm:^3.0.0"
  checksum: 10c0/55d95cd670c4a86117ebc34d394936d712d43b56db6bc511f9ca00f666373818bf9f075fb0ab76bcbfaf134592ef26bb75aad20786c1ff1ceba4457eaba90fb8
  languageName: node
  linkType: hard

"unique-slug@npm:^3.0.0":
  version: 3.0.0
  resolution: "unique-slug@npm:3.0.0"
  dependencies:
    imurmurhash: "npm:^0.1.4"
  checksum: 10c0/617240eb921af803b47d322d75a71a363dacf2e56c29ae5d1404fad85f64f4ec81ef10ee4fd79215d0202cbe1e5a653edb0558d59c9c81d3bd538c2d58e4c026
  languageName: node
  linkType: hard

"validate-npm-package-name@npm:^4.0.0":
  version: 4.0.0
  resolution: "validate-npm-package-name@npm:4.0.0"
  dependencies:
    builtins: "npm:^5.0.0"
  checksum: 10c0/d7f753c0aac0a2b8dd06752e7278d18165a21e28b5064d897a1b6f10350d857b339d6bd9e08dd140710433479940bec9ba151b619196780dc6e49dd8fbff6df8
  languageName: node
  linkType: hard

"wrappy@npm:1":
  version: 1.0.2
  resolution: "wrappy@npm:1.0.2"
  checksum: 10c0/56fece1a4018c6a6c8e28fbc88c87e0fbf4ea8fd64fc6c63b18f4acc4bd13e0ad2515189786dd2c30d3eec9663d70f4ecf699330002f8ccb547e4a18231fc9f0
  languageName: node
  linkType: hard

"yallist@npm:^4.0.0":
  version: 4.0.0
  resolution: "yallist@npm:4.0.0"
  checksum: 10c0/2286b5e8dbfe22204ab66e2ef5cc9bbb1e55dfc873bbe0d568aa943eb255d131890dfd5bf243637273d31119b870f49c18fcde2c6ffbb7a7a092b870dc90625a
  languageName: node
  linkType: hard
